
Microsoft Visual Studio Solution File, Format Version 12.00
# Visual Studio Version 17
VisualStudioVersion = 17.7.34031.279
MinimumVisualStudioVersion = 10.0.40219.1
Project("{FAE04EC0-301F-11D3-BF4B-00C04F79EFBC}") = "Бургернаяяяяяяяяяяя", "Бургернаяяяяяяяяяяя\Бургернаяяяяяяяяяяя.csproj", "{CEDD8B40-3B5B-4CDA-880D-56260FB3876A}"
EndProject
Global
	GlobalSection(SolutionConfigurationPlatforms) = preSolution
		Debug|Any CPU = Debug|Any CPU
		Release|Any CPU = Release|Any CPU
	EndGlobalSection
	GlobalSection(ProjectConfigurationPlatforms) = postSolution
		{CEDD8B40-3B5B-4CDA-880D-56260FB3876A}.Debug|Any CPU.ActiveCfg = Debug|Any CPU
		{CEDD8B40-3B5B-4CDA-880D-56260FB3876A}.Debug|Any CPU.Build.0 = Debug|Any CPU
		{CEDD8B40-3B5B-4CDA-880D-56260FB3876A}.Release|Any CPU.ActiveCfg = Release|Any CPU
		{CEDD8B40-3B5B-4CDA-880D-56260FB3876A}.Release|Any CPU.Build.0 = Release|Any CPU
	EndGlobalSection
	GlobalSection(SolutionProperties) = preSolution
		HideSolutionNode = FALSE
	EndGlobalSection
	GlobalSection(ExtensibilityGlobals) = postSolution
		SolutionGuid = {74E479F5-0652-408B-9AAF-7F7E6D422A4B}
	EndGlobalSection
EndGlobal
